
Microsoft Visual Studio Solution File, Format Version 12.00
# Visual Studio Version 17
VisualStudioVersion = 17.11.35327.3
MinimumVisualStudioVersion = 10.0.40219.1
Project("{FAE04EC0-301F-11D3-BF4B-00C04F79EFBC}") = "RaPIDv2_HPC-1.0", "RaPIDv2_HPC-1.0.csproj", "{A22724D9-CF2A-48E7-9D78-99CD833500EE}"
EndProject
Global
	GlobalSection(SolutionConfigurationPlatforms) = preSolution
		Debug|Any CPU = Debug|Any CPU
		Release|Any CPU = Release|Any CPU
	EndGlobalSection
	GlobalSection(ProjectConfigurationPlatforms) = postSolution
		{A22724D9-CF2A-48E7-9D78-99CD833500EE}.Debug|Any CPU.ActiveCfg = Debug|Any CPU
		{A22724D9-CF2A-48E7-9D78-99CD833500EE}.Debug|Any CPU.Build.0 = Debug|Any CPU
		{A22724D9-CF2A-48E7-9D78-99CD833500EE}.Release|Any CPU.ActiveCfg = Release|Any CPU
		{A22724D9-CF2A-48E7-9D78-99CD833500EE}.Release|Any CPU.Build.0 = Release|Any CPU
	EndGlobalSection
	GlobalSection(SolutionProperties) = preSolution
		HideSolutionNode = FALSE
	EndGlobalSection
	GlobalSection(ExtensibilityGlobals) = postSolution
		SolutionGuid = {D4B7FE45-0BC3-4487-A8D5-4C85A1AE5FFF}
	EndGlobalSection
EndGlobal
